
Microsoft Visual Studio Solution File, Format Version 12.00
# Visual Studio Version 17
VisualStudioVersion = 17.9.34622.214
MinimumVisualStudioVersion = 10.0.40219.1
Project("{8BC9CEB8-8B4A-11D0-8D11-00A0C91BC942}") = "fltk_test1", "fltk_test1.vcxproj", "{7379E64E-FBD8-49C5-B500-20C2A87DE18D}"
EndProject
Project("{8BC9CEB8-8B4A-11D0-8D11-00A0C91BC942}") = "image_view", "..\image_view\image_view.vcxproj", "{663AE0A5-E6FA-4412-918E-B3A15CAAB961}"
EndProject
Global
	GlobalSection(SolutionConfigurationPlatforms) = preSolution
		Debug|x64 = Debug|x64
		Debug|x86 = Debug|x86
		Release|x64 = Release|x64
		Release|x86 = Release|x86
	EndGlobalSection
	GlobalSection(ProjectConfigurationPlatforms) = postSolution
		{7379E64E-FBD8-49C5-B500-20C2A87DE18D}.Debug|x64.ActiveCfg = Debug|x64
		{7379E64E-FBD8-49C5-B500-20C2A87DE18D}.Debug|x64.Build.0 = Debug|x64
		{7379E64E-FBD8-49C5-B500-20C2A87DE18D}.Debug|x86.ActiveCfg = Debug|Win32
		{7379E64E-FBD8-49C5-B500-20C2A87DE18D}.Debug|x86.Build.0 = Debug|Win32
		{7379E64E-FBD8-49C5-B500-20C2A87DE18D}.Release|x64.ActiveCfg = Release|x64
		{7379E64E-FBD8-49C5-B500-20C2A87DE18D}.Release|x64.Build.0 = Release|x64
		{7379E64E-FBD8-49C5-B500-20C2A87DE18D}.Release|x86.ActiveCfg = Release|Win32
		{7379E64E-FBD8-49C5-B500-20C2A87DE18D}.Release|x86.Build.0 = Release|Win32
		{663AE0A5-E6FA-4412-918E-B3A15CAAB961}.Debug|x64.ActiveCfg = Debug|x64
		{663AE0A5-E6FA-4412-918E-B3A15CAAB961}.Debug|x64.Build.0 = Debug|x64
		{663AE0A5-E6FA-4412-918E-B3A15CAAB961}.Debug|x86.ActiveCfg = Debug|Win32
		{663AE0A5-E6FA-4412-918E-B3A15CAAB961}.Debug|x86.Build.0 = Debug|Win32
		{663AE0A5-E6FA-4412-918E-B3A15CAAB961}.Release|x64.ActiveCfg = Release|x64
		{663AE0A5-E6FA-4412-918E-B3A15CAAB961}.Release|x64.Build.0 = Release|x64
		{663AE0A5-E6FA-4412-918E-B3A15CAAB961}.Release|x86.ActiveCfg = Release|Win32
		{663AE0A5-E6FA-4412-918E-B3A15CAAB961}.Release|x86.Build.0 = Release|Win32
	EndGlobalSection
	GlobalSection(SolutionProperties) = preSolution
		HideSolutionNode = FALSE
	EndGlobalSection
	GlobalSection(ExtensibilityGlobals) = postSolution
		SolutionGuid = {2D26CD48-AA92-4E84-8106-7BFD3AEC713F}
	EndGlobalSection
EndGlobal
