
Microsoft Visual Studio Solution File, Format Version 12.00
# Visual Studio Version 17
VisualStudioVersion = 17.9.34622.214
MinimumVisualStudioVersion = 10.0.40219.1
Project("{8BC9CEB8-8B4A-11D0-8D11-00A0C91BC942}") = "graph_test2", "graph_test2.vcxproj", "{FC103AA6-93AB-4ADD-8E50-80B5E441C0AB}"
EndProject
Global
	GlobalSection(SolutionConfigurationPlatforms) = preSolution
		Debug|x64 = Debug|x64
		Debug|x86 = Debug|x86
		Release|x64 = Release|x64
		Release|x86 = Release|x86
	EndGlobalSection
	GlobalSection(ProjectConfigurationPlatforms) = postSolution
		{FC103AA6-93AB-4ADD-8E50-80B5E441C0AB}.Debug|x64.ActiveCfg = Debug|x64
		{FC103AA6-93AB-4ADD-8E50-80B5E441C0AB}.Debug|x64.Build.0 = Debug|x64
		{FC103AA6-93AB-4ADD-8E50-80B5E441C0AB}.Debug|x86.ActiveCfg = Debug|Win32
		{FC103AA6-93AB-4ADD-8E50-80B5E441C0AB}.Debug|x86.Build.0 = Debug|Win32
		{FC103AA6-93AB-4ADD-8E50-80B5E441C0AB}.Release|x64.ActiveCfg = Release|x64
		{FC103AA6-93AB-4ADD-8E50-80B5E441C0AB}.Release|x64.Build.0 = Release|x64
		{FC103AA6-93AB-4ADD-8E50-80B5E441C0AB}.Release|x86.ActiveCfg = Release|Win32
		{FC103AA6-93AB-4ADD-8E50-80B5E441C0AB}.Release|x86.Build.0 = Release|Win32
	EndGlobalSection
	GlobalSection(SolutionProperties) = preSolution
		HideSolutionNode = FALSE
	EndGlobalSection
	GlobalSection(ExtensibilityGlobals) = postSolution
		SolutionGuid = {F6B485AD-5643-4A08-86C9-3EBC0E266B01}
	EndGlobalSection
EndGlobal
